
Microsoft Visual Studio Solution File, Format Version 12.00
# Visual Studio Version 17
VisualStudioVersion = 17.0.32014.148
MinimumVisualStudioVersion = 10.0.40219.1
Project("{FAE04EC0-301F-11D3-BF4B-00C04F79EFBC}") = "DownloadFileApiDemo", "DownloadFileApiDemo.csproj", "{CC904E22-6449-435C-B76A-81F18CAD37A8}"
EndProject
Project("{FAE04EC0-301F-11D3-BF4B-00C04F79EFBC}") = "DownloadFileFormsDemo", "..\DownloadFileFormsDemo\DownloadFileFormsDemo.csproj", "{60611958-482D-468E-A380-ACFA827E0F6A}"
EndProject
Global
	GlobalSection(SolutionConfigurationPlatforms) = preSolution
		Debug|Any CPU = Debug|Any CPU
		Release|Any CPU = Release|Any CPU
	EndGlobalSection
	GlobalSection(ProjectConfigurationPlatforms) = postSolution
		{CC904E22-6449-435C-B76A-81F18CAD37A8}.Debug|Any CPU.ActiveCfg = Debug|Any CPU
		{CC904E22-6449-435C-B76A-81F18CAD37A8}.Debug|Any CPU.Build.0 = Debug|Any CPU
		{CC904E22-6449-435C-B76A-81F18CAD37A8}.Release|Any CPU.ActiveCfg = Release|Any CPU
		{CC904E22-6449-435C-B76A-81F18CAD37A8}.Release|Any CPU.Build.0 = Release|Any CPU
		{60611958-482D-468E-A380-ACFA827E0F6A}.Debug|Any CPU.ActiveCfg = Debug|Any CPU
		{60611958-482D-468E-A380-ACFA827E0F6A}.Debug|Any CPU.Build.0 = Debug|Any CPU
		{60611958-482D-468E-A380-ACFA827E0F6A}.Release|Any CPU.ActiveCfg = Release|Any CPU
		{60611958-482D-468E-A380-ACFA827E0F6A}.Release|Any CPU.Build.0 = Release|Any CPU
	EndGlobalSection
	GlobalSection(SolutionProperties) = preSolution
		HideSolutionNode = FALSE
	EndGlobalSection
	GlobalSection(ExtensibilityGlobals) = postSolution
		SolutionGuid = {B9633AEC-F159-4E3E-BD33-77B31A0C10C7}
	EndGlobalSection
EndGlobal
